
Microsoft Visual Studio Solution File, Format Version 12.00
# Visual Studio Version 16
VisualStudioVersion = 16.0.30204.135
MinimumVisualStudioVersion = 10.0.40219.1
Project("{FAE04EC0-301F-11D3-BF4B-00C04F79EFBC}") = "BookListMVC", "BookListMVC\BookListMVC.csproj", "{09D7EED2-B97C-4E19-9110-53D9918CE464}"
EndProject
Global
	GlobalSection(SolutionConfigurationPlatforms) = preSolution
		Debug|Any CPU = Debug|Any CPU
		Release|Any CPU = Release|Any CPU
	EndGlobalSection
	GlobalSection(ProjectConfigurationPlatforms) = postSolution
		{09D7EED2-B97C-4E19-9110-53D9918CE464}.Debug|Any CPU.ActiveCfg = Debug|Any CPU
		{09D7EED2-B97C-4E19-9110-53D9918CE464}.Debug|Any CPU.Build.0 = Debug|Any CPU
		{09D7EED2-B97C-4E19-9110-53D9918CE464}.Release|Any CPU.ActiveCfg = Release|Any CPU
		{09D7EED2-B97C-4E19-9110-53D9918CE464}.Release|Any CPU.Build.0 = Release|Any CPU
	EndGlobalSection
	GlobalSection(SolutionProperties) = preSolution
		HideSolutionNode = FALSE
	EndGlobalSection
	GlobalSection(ExtensibilityGlobals) = postSolution
		SolutionGuid = {8956FBA6-71E0-4ABE-B8B5-9498E61F90A9}
	EndGlobalSection
EndGlobal
